
Microsoft Visual Studio Solution File, Format Version 12.00
# Visual Studio 14
VisualStudioVersion = 14.0.25420.1
MinimumVisualStudioVersion = 10.0.40219.1
Project("{FAE04EC0-301F-11D3-BF4B-00C04F79EFBC}") = "Pv-Inf", "Pv-Inf\Pv-Inf.csproj", "{C1189765-BF31-4F44-B957-C58EB12C0993}"
EndProject
Project("{FAE04EC0-301F-11D3-BF4B-00C04F79EFBC}") = "Pv-Inf.Common", "Pv-Inf.Common\Pv-Inf.Common.csproj", "{C0B76AC5-841E-476C-86AE-408B88E1E502}"
EndProject
Global
	GlobalSection(SolutionConfigurationPlatforms) = preSolution
		Debug|Any CPU = Debug|Any CPU
		Release|Any CPU = Release|Any CPU
	EndGlobalSection
	GlobalSection(ProjectConfigurationPlatforms) = postSolution
		{C1189765-BF31-4F44-B957-C58EB12C0993}.Debug|Any CPU.ActiveCfg = Debug|Any CPU
		{C1189765-BF31-4F44-B957-C58EB12C0993}.Debug|Any CPU.Build.0 = Debug|Any CPU
		{C1189765-BF31-4F44-B957-C58EB12C0993}.Release|Any CPU.ActiveCfg = Release|Any CPU
		{C1189765-BF31-4F44-B957-C58EB12C0993}.Release|Any CPU.Build.0 = Release|Any CPU
		{C0B76AC5-841E-476C-86AE-408B88E1E502}.Debug|Any CPU.ActiveCfg = Debug|Any CPU
		{C0B76AC5-841E-476C-86AE-408B88E1E502}.Debug|Any CPU.Build.0 = Debug|Any CPU
		{C0B76AC5-841E-476C-86AE-408B88E1E502}.Release|Any CPU.ActiveCfg = Release|Any CPU
		{C0B76AC5-841E-476C-86AE-408B88E1E502}.Release|Any CPU.Build.0 = Release|Any CPU
	EndGlobalSection
	GlobalSection(SolutionProperties) = preSolution
		HideSolutionNode = FALSE
	EndGlobalSection
EndGlobal
